
Microsoft Visual Studio Solution File, Format Version 12.00
# Visual Studio 2012
Project("{FAE04EC0-301F-11D3-BF4B-00C04F79EFBC}") = "UnityVS.RRTStar_ver2.0.0_public.CSharp", "UnityVS.RRTStar_ver2.0.0_public.CSharp.csproj", "{AF8F2E77-8007-6A5C-0EB7-4D3C244E04FE}"
EndProject
Project("{FAE04EC0-301F-11D3-BF4B-00C04F79EFBC}") = "UnityVS.RRTStar_ver2.0.0_public.CSharp.Editor", "UnityVS.RRTStar_ver2.0.0_public.CSharp.Editor.csproj", "{5CF5660A-34C8-8510-FC01-82D858F53F4B}"
EndProject
Global
	GlobalSection(SolutionConfigurationPlatforms) = preSolution
		Debug|Any CPU = Debug|Any CPU
		Release|Any CPU = Release|Any CPU
	EndGlobalSection
	GlobalSection(ProjectConfigurationPlatforms) = postSolution
		{AF8F2E77-8007-6A5C-0EB7-4D3C244E04FE}.Debug|Any CPU.ActiveCfg = Debug|Any CPU
		{AF8F2E77-8007-6A5C-0EB7-4D3C244E04FE}.Debug|Any CPU.Build.0 = Debug|Any CPU
		{AF8F2E77-8007-6A5C-0EB7-4D3C244E04FE}.Release|Any CPU.ActiveCfg = Release|Any CPU
		{AF8F2E77-8007-6A5C-0EB7-4D3C244E04FE}.Release|Any CPU.Build.0 = Release|Any CPU
		{5CF5660A-34C8-8510-FC01-82D858F53F4B}.Debug|Any CPU.ActiveCfg = Debug|Any CPU
		{5CF5660A-34C8-8510-FC01-82D858F53F4B}.Debug|Any CPU.Build.0 = Debug|Any CPU
		{5CF5660A-34C8-8510-FC01-82D858F53F4B}.Release|Any CPU.ActiveCfg = Release|Any CPU
		{5CF5660A-34C8-8510-FC01-82D858F53F4B}.Release|Any CPU.Build.0 = Release|Any CPU
	EndGlobalSection
	GlobalSection(SolutionProperties) = preSolution
		HideSolutionNode = FALSE
	EndGlobalSection
EndGlobal
